
Microsoft Visual Studio Solution File, Format Version 12.00
# Visual Studio 15
VisualStudioVersion = 15.0.27428.2037
MinimumVisualStudioVersion = 10.0.40219.1
Project("{F184B08F-C81C-45F6-A57F-5ABD9991F28F}") = "ADVDS262Config", "ADVDS262Config\ADVDS262Config.vbproj", "{AE114BB0-FA5F-41A0-B348-242AA897E71B}"
EndProject
Global
	GlobalSection(SolutionConfigurationPlatforms) = preSolution
		Debug|Any CPU = Debug|Any CPU
		Release|Any CPU = Release|Any CPU
	EndGlobalSection
	GlobalSection(ProjectConfigurationPlatforms) = postSolution
		{AE114BB0-FA5F-41A0-B348-242AA897E71B}.Debug|Any CPU.ActiveCfg = Debug|Any CPU
		{AE114BB0-FA5F-41A0-B348-242AA897E71B}.Debug|Any CPU.Build.0 = Debug|Any CPU
		{AE114BB0-FA5F-41A0-B348-242AA897E71B}.Release|Any CPU.ActiveCfg = Release|Any CPU
		{AE114BB0-FA5F-41A0-B348-242AA897E71B}.Release|Any CPU.Build.0 = Release|Any CPU
	EndGlobalSection
	GlobalSection(SolutionProperties) = preSolution
		HideSolutionNode = FALSE
	EndGlobalSection
	GlobalSection(ExtensibilityGlobals) = postSolution
		SolutionGuid = {80585BE9-54D8-44C3-B504-4061B03C97AB}
	EndGlobalSection
EndGlobal
